
Microsoft Visual Studio Solution File, Format Version 12.00
# Visual Studio 15
Project("{FAE04EC0-301F-11D3-BF4B-00C04F79EFBC}") = "Assembly-CSharp", "Assembly-CSharp.csproj", "{1E604B53-2182-DDD2-40FA-9B40B9D1A35A}"
EndProject
Project("{FAE04EC0-301F-11D3-BF4B-00C04F79EFBC}") = "Assembly-CSharp-firstpass", "Assembly-CSharp-firstpass.csproj", "{D2E0837D-CC99-A34C-72D0-0BD77DDCE30E}"
EndProject
Project("{FAE04EC0-301F-11D3-BF4B-00C04F79EFBC}") = "Assembly-CSharp-Editor", "Assembly-CSharp-Editor.csproj", "{C8A362E9-BD42-D70E-4DD8-49B1A6D944C0}"
EndProject
Global
	GlobalSection(SolutionConfigurationPlatforms) = preSolution
		Debug|Any CPU = Debug|Any CPU
		Release|Any CPU = Release|Any CPU
	EndGlobalSection
	GlobalSection(ProjectConfigurationPlatforms) = postSolution
		{1E604B53-2182-DDD2-40FA-9B40B9D1A35A}.Debug|Any CPU.ActiveCfg = Debug|Any CPU
		{1E604B53-2182-DDD2-40FA-9B40B9D1A35A}.Debug|Any CPU.Build.0 = Debug|Any CPU
		{1E604B53-2182-DDD2-40FA-9B40B9D1A35A}.Release|Any CPU.ActiveCfg = Release|Any CPU
		{1E604B53-2182-DDD2-40FA-9B40B9D1A35A}.Release|Any CPU.Build.0 = Release|Any CPU
		{D2E0837D-CC99-A34C-72D0-0BD77DDCE30E}.Debug|Any CPU.ActiveCfg = Debug|Any CPU
		{D2E0837D-CC99-A34C-72D0-0BD77DDCE30E}.Debug|Any CPU.Build.0 = Debug|Any CPU
		{D2E0837D-CC99-A34C-72D0-0BD77DDCE30E}.Release|Any CPU.ActiveCfg = Release|Any CPU
		{D2E0837D-CC99-A34C-72D0-0BD77DDCE30E}.Release|Any CPU.Build.0 = Release|Any CPU
		{C8A362E9-BD42-D70E-4DD8-49B1A6D944C0}.Debug|Any CPU.ActiveCfg = Debug|Any CPU
		{C8A362E9-BD42-D70E-4DD8-49B1A6D944C0}.Debug|Any CPU.Build.0 = Debug|Any CPU
		{C8A362E9-BD42-D70E-4DD8-49B1A6D944C0}.Release|Any CPU.ActiveCfg = Release|Any CPU
		{C8A362E9-BD42-D70E-4DD8-49B1A6D944C0}.Release|Any CPU.Build.0 = Release|Any CPU
	EndGlobalSection
	GlobalSection(SolutionProperties) = preSolution
		HideSolutionNode = FALSE
	EndGlobalSection
EndGlobal
